
Microsoft Visual Studio Solution File, Format Version 12.00
# Visual Studio Version 17
VisualStudioVersion = 17.11.35327.3
MinimumVisualStudioVersion = 10.0.40219.1
Project("{FAE04EC0-301F-11D3-BF4B-00C04F79EFBC}") = "Kursovaya", "Kursovaya\Kursovaya.csproj", "{7B93920B-C4A5-49A8-AEE6-7B6F39C6AFD8}"
EndProject
Global
	GlobalSection(SolutionConfigurationPlatforms) = preSolution
		Debug|Any CPU = Debug|Any CPU
		Release|Any CPU = Release|Any CPU
	EndGlobalSection
	GlobalSection(ProjectConfigurationPlatforms) = postSolution
		{7B93920B-C4A5-49A8-AEE6-7B6F39C6AFD8}.Debug|Any CPU.ActiveCfg = Debug|Any CPU
		{7B93920B-C4A5-49A8-AEE6-7B6F39C6AFD8}.Debug|Any CPU.Build.0 = Debug|Any CPU
		{7B93920B-C4A5-49A8-AEE6-7B6F39C6AFD8}.Release|Any CPU.ActiveCfg = Release|Any CPU
		{7B93920B-C4A5-49A8-AEE6-7B6F39C6AFD8}.Release|Any CPU.Build.0 = Release|Any CPU
	EndGlobalSection
	GlobalSection(SolutionProperties) = preSolution
		HideSolutionNode = FALSE
	EndGlobalSection
	GlobalSection(ExtensibilityGlobals) = postSolution
		SolutionGuid = {2A896C5A-4353-4DD3-B634-6DBD4DF8A10C}
	EndGlobalSection
EndGlobal
